<?xml version="1.0" encoding="utf-8"?>
<Project ToolsVersion="4.0" xmlns="http://schemas.microsoft.com/developer/msbuild/2003">
  <ItemGroup>
    <Filter Include="windows">
      <UniqueIdentifier>{df33aca0-9c2e-4287-96da-350b200989e0}</UniqueIdentifier>
    </Filter>
  </ItemGroup>
  <ItemGroup>
    <ClCompile Include="..\..\code\Net\windows\PosixSocket.cpp">
      <Filter>windows</Filter>
    </ClCompile>
    <ClCompile Include="..\..\code\Net\main.cpp" />
  </ItemGroup>
  <ItemGroup>
    <ClInclude Include="..\..\code\include\Socket.h" />
  </ItemGroup>
</Project>